<?xml version="1.0" encoding="utf-8"?>
<Project ToolsVersion="4.0" xmlns="http://schemas.microsoft.com/developer/msbuild/2003">
  <ItemGroup>
    <Filter Include="Source Files">
      <UniqueIdentifier>{4FC737F1-C7A5-4376-A066-2A32D752A2FF}</UniqueIdentifier>
      <Extensions>cpp;c;cc;cxx;c++;cppm;ixx;def;odl;idl;hpj;bat;asm;asmx</Extensions>
    </Filter>
    <Filter Include="Resource Files">
      <UniqueIdentifier>{67DA6AB6-F800-4c08-8B7A-83BB121AAD01}</UniqueIdentifier>
      <Extensions>rc;ico;cur;bmp;dlg;rc2;rct;bin;rgs;gif;jpg;jpeg;jpe;resx;tiff;tif;png;wav;mfcribbon-ms</Extensions>
    </Filter>
  </ItemGroup>
  <ItemGroup>
    <ClCompile Include="src\API.cpp">
      <Filter>Source Files</Filter>
    </ClCompile>
    <ClCompile Include="src\SOGLVA.cpp">
      <Filter>Source Files</Filter>
    </ClCompile>
    <ClCompile Include="src\Rendering\RenderingSystem.cpp">
      <Filter>Source Files</Filter>
    </ClCompile>
    <ClCompile Include="src\UI\UISystem.cpp">
      <Filter>Source Files</Filter>
    </ClCompile>
    <ClCompile Include="src\UI\Panels\Property.cpp">
      <Filter>Source Files</Filter>
    </ClCompile>
    <ClCompile Include="src\UI\Panels\FPSCounter.cpp">
      <Filter>Source Files</Filter>
    </ClCompile>
  </ItemGroup>
  <ItemGroup>
    <ClInclude Include="src\API.h">
      <Filter>Source Files</Filter>
    </ClInclude>
    <ClInclude Include="src\SOGLVA.h" />
    <ClInclude Include="src\Rendering\RenderingSystem.h" />
    <ClInclude Include="src\common\standard.h" />
    <ClInclude Include="src\interfaces\IUIPanel.h" />
    <ClInclude Include="src\interfaces\IUIComponent.h" />
    <ClInclude Include="src\interfaces\ImanagedObject.h" />
    <ClInclude Include="src\UI\UISystem.h" />
    <ClInclude Include="src\common\NuklearImport.h" />
    <ClInclude Include="src\interfaces\ISystem.h" />
    <ClInclude Include="src\UI\Panels\Property.h" />
    <ClInclude Include="src\UI\Panels\FPSCounter.h" />
    <ClInclude Include="src\UI\Panels\BasePanel.h" />
  </ItemGroup>
</Project>